{
  "name": "@desert-ant-labs/gist",
  "version": "2.0.1",
  "lockfileVersion": 3,
  "requires": true,
  "packages": {
    "": {
      "name": "@desert-ant-labs/gist",
      "version": "2.0.1",
      "license": "SEE LICENSE IN LICENSE.md",
      "dependencies": {
        "@bjorn3/browser_wasi_shim": "^0.3.0"
      },
      "devDependencies": {
        "@litertjs/core": "^2.5.2"
      },
      "peerDependencies": {
        "@litertjs/core": ">=2.1.0"
      },
      "peerDependenciesMeta": {
        "@litertjs/core": {
          "optional": true
        }
      }
    },
    "node_modules/@bjorn3/browser_wasi_shim": {
      "version": "0.3.0",
      "resolved": "https://registry.npmjs.org/@bjorn3/browser_wasi_shim/-/browser_wasi_shim-0.3.0.tgz",
      "integrity": "sha512-FlRBYttPRLcWORzBe6g8nmYTafBkOEFeOqMYM4tAHJzFsQy4+xJA94z85a9BCs8S+Uzfh9LrkpII7DXr2iUVFg=="
    },
    "node_modules/@litertjs/core": {
      "version": "2.5.3",
      "resolved": "https://registry.npmjs.org/@litertjs/core/-/core-2.5.3.tgz",
      "integrity": "sha512-PlGmbMOq9WitX7FO0jhbdJw9GthatsyuCQXjTt/wJZo0FLaw48q4tz8IwqgqCIkviYGr9OFDL1kCnN4nzWoyJQ==",
      "dev": true,
      "dependencies": {
        "@litertjs/wasm-utils": "^2.5.3"
      }
    },
    "node_modules/@litertjs/wasm-utils": {
      "version": "2.5.3",
      "resolved": "https://registry.npmjs.org/@litertjs/wasm-utils/-/wasm-utils-2.5.3.tgz",
      "integrity": "sha512-4fJiw6tBQnIs+0jH/OQ16nYOiSl8/+zZnn5h2ul8aTKHi05sVqZW580Tmk78pC2kT39A9OYBVdFawteZ/sI1kQ==",
      "dev": true
    }
  }
}
